
Microsoft Visual Studio Solution File, Format Version 12.00
# Visual Studio Version 16
VisualStudioVersion = 16.0.31624.102
MinimumVisualStudioVersion = 10.0.40219.1
Project("{FAE04EC0-301F-11D3-BF4B-00C04F79EFBC}") = "WhileTrueLoopAndSwitch", "WhileTrueLoopAndSwitch.csproj", "{5FC73C28-C1B3-40DC-AE8A-BC425047311A}"
EndProject
Global
	GlobalSection(SolutionConfigurationPlatforms) = preSolution
		Debug|Any CPU = Debug|Any CPU
		Release|Any CPU = Release|Any CPU
	EndGlobalSection
	GlobalSection(ProjectConfigurationPlatforms) = postSolution
		{5FC73C28-C1B3-40DC-AE8A-BC425047311A}.Debug|Any CPU.ActiveCfg = Debug|Any CPU
		{5FC73C28-C1B3-40DC-AE8A-BC425047311A}.Debug|Any CPU.Build.0 = Debug|Any CPU
		{5FC73C28-C1B3-40DC-AE8A-BC425047311A}.Release|Any CPU.ActiveCfg = Release|Any CPU
		{5FC73C28-C1B3-40DC-AE8A-BC425047311A}.Release|Any CPU.Build.0 = Release|Any CPU
	EndGlobalSection
	GlobalSection(SolutionProperties) = preSolution
		HideSolutionNode = FALSE
	EndGlobalSection
	GlobalSection(ExtensibilityGlobals) = postSolution
		SolutionGuid = {393B8FFF-8DA0-4372-BE7F-471B0684009C}
	EndGlobalSection
EndGlobal
