
Microsoft Visual Studio Solution File, Format Version 12.00
# Visual Studio Version 16
VisualStudioVersion = 16.0.31624.102
MinimumVisualStudioVersion = 10.0.40219.1
Project("{FAE04EC0-301F-11D3-BF4B-00C04F79EFBC}") = "BlackJack", "BlackJack.csproj", "{B0D60849-3E89-4E1E-AB1A-552562B66D5E}"
EndProject
Global
	GlobalSection(SolutionConfigurationPlatforms) = preSolution
		Debug|Any CPU = Debug|Any CPU
		Release|Any CPU = Release|Any CPU
	EndGlobalSection
	GlobalSection(ProjectConfigurationPlatforms) = postSolution
		{B0D60849-3E89-4E1E-AB1A-552562B66D5E}.Debug|Any CPU.ActiveCfg = Debug|Any CPU
		{B0D60849-3E89-4E1E-AB1A-552562B66D5E}.Debug|Any CPU.Build.0 = Debug|Any CPU
		{B0D60849-3E89-4E1E-AB1A-552562B66D5E}.Release|Any CPU.ActiveCfg = Release|Any CPU
		{B0D60849-3E89-4E1E-AB1A-552562B66D5E}.Release|Any CPU.Build.0 = Release|Any CPU
	EndGlobalSection
	GlobalSection(SolutionProperties) = preSolution
		HideSolutionNode = FALSE
	EndGlobalSection
	GlobalSection(ExtensibilityGlobals) = postSolution
		SolutionGuid = {0D32603F-EB66-4E2B-A57B-876DD9C4B382}
	EndGlobalSection
EndGlobal
